
Microsoft Visual Studio Solution File, Format Version 12.00
# Visual Studio Version 16
VisualStudioVersion = 16.0.31005.135
MinimumVisualStudioVersion = 10.0.40219.1
Project("{9A19103F-16F7-4668-BE54-9A1E7A4F7556}") = "DataAccessLayer", "DataAccessLayer\DataAccessLayer.csproj", "{B21B3645-8AB0-4C44-9519-5E1EA6B1FBD6}"
EndProject
Project("{9A19103F-16F7-4668-BE54-9A1E7A4F7556}") = "BusinessLayer", "BusinessLayer\BusinessLayer.csproj", "{606E8AB0-145D-41E1-A61E-3DF4DEB63C55}"
EndProject
Project("{9A19103F-16F7-4668-BE54-9A1E7A4F7556}") = "EntitiesLayer", "EntitiesLayer\EntitiesLayer.csproj", "{65E034F9-6510-414A-BD43-5572B95DF355}"
EndProject
Project("{9A19103F-16F7-4668-BE54-9A1E7A4F7556}") = "ConsoleUI", "ConsoleUI\ConsoleUI.csproj", "{D6114F4A-DC26-4FF0-9C69-D4E4E490AC42}"
EndProject
Project("{FAE04EC0-301F-11D3-BF4B-00C04F79EFBC}") = "CoreLayer", "CoreLayer\CoreLayer.csproj", "{DA996857-D334-43C0-9617-2DD7A4B4DC2F}"
EndProject
Global
	GlobalSection(SolutionConfigurationPlatforms) = preSolution
		Debug|Any CPU = Debug|Any CPU
		Release|Any CPU = Release|Any CPU
	EndGlobalSection
	GlobalSection(ProjectConfigurationPlatforms) = postSolution
		{B21B3645-8AB0-4C44-9519-5E1EA6B1FBD6}.Debug|Any CPU.ActiveCfg = Debug|Any CPU
		{B21B3645-8AB0-4C44-9519-5E1EA6B1FBD6}.Debug|Any CPU.Build.0 = Debug|Any CPU
		{B21B3645-8AB0-4C44-9519-5E1EA6B1FBD6}.Release|Any CPU.ActiveCfg = Release|Any CPU
		{B21B3645-8AB0-4C44-9519-5E1EA6B1FBD6}.Release|Any CPU.Build.0 = Release|Any CPU
		{606E8AB0-145D-41E1-A61E-3DF4DEB63C55}.Debug|Any CPU.ActiveCfg = Debug|Any CPU
		{606E8AB0-145D-41E1-A61E-3DF4DEB63C55}.Debug|Any CPU.Build.0 = Debug|Any CPU
		{606E8AB0-145D-41E1-A61E-3DF4DEB63C55}.Release|Any CPU.ActiveCfg = Release|Any CPU
		{606E8AB0-145D-41E1-A61E-3DF4DEB63C55}.Release|Any CPU.Build.0 = Release|Any CPU
		{65E034F9-6510-414A-BD43-5572B95DF355}.Debug|Any CPU.ActiveCfg = Debug|Any CPU
		{65E034F9-6510-414A-BD43-5572B95DF355}.Debug|Any CPU.Build.0 = Debug|Any CPU
		{65E034F9-6510-414A-BD43-5572B95DF355}.Release|Any CPU.ActiveCfg = Release|Any CPU
		{65E034F9-6510-414A-BD43-5572B95DF355}.Release|Any CPU.Build.0 = Release|Any CPU
		{D6114F4A-DC26-4FF0-9C69-D4E4E490AC42}.Debug|Any CPU.ActiveCfg = Debug|Any CPU
		{D6114F4A-DC26-4FF0-9C69-D4E4E490AC42}.Debug|Any CPU.Build.0 = Debug|Any CPU
		{D6114F4A-DC26-4FF0-9C69-D4E4E490AC42}.Release|Any CPU.ActiveCfg = Release|Any CPU
		{D6114F4A-DC26-4FF0-9C69-D4E4E490AC42}.Release|Any CPU.Build.0 = Release|Any CPU
		{DA996857-D334-43C0-9617-2DD7A4B4DC2F}.Debug|Any CPU.ActiveCfg = Debug|Any CPU
		{DA996857-D334-43C0-9617-2DD7A4B4DC2F}.Debug|Any CPU.Build.0 = Debug|Any CPU
		{DA996857-D334-43C0-9617-2DD7A4B4DC2F}.Release|Any CPU.ActiveCfg = Release|Any CPU
		{DA996857-D334-43C0-9617-2DD7A4B4DC2F}.Release|Any CPU.Build.0 = Release|Any CPU
	EndGlobalSection
	GlobalSection(SolutionProperties) = preSolution
		HideSolutionNode = FALSE
	EndGlobalSection
	GlobalSection(ExtensibilityGlobals) = postSolution
		SolutionGuid = {3DF9A090-8DF4-46B5-A742-18316E4A415D}
	EndGlobalSection
EndGlobal
